# This file is generated by running "yarn install" inside your project.
# Manual changes might be lost - proceed with caution!

__metadata:
  version: 8
  cacheKey: 10c0

"@monholm/tsconfig@workspace:packages/tsconfig":
  version: 0.0.0-use.local
  resolution: "@monholm/tsconfig@workspace:packages/tsconfig"
  peerDependencies:
    typescript: ">= 5.6.0"
  languageName: unknown
  linkType: soft

"mono-repo@workspace:.":
  version: 0.0.0-use.local
  resolution: "mono-repo@workspace:."
  languageName: unknown
  linkType: soft
